# This file was autogenerated by Stack.
# You should not edit this file by hand.
# For more information, please see the documentation at:
#   https://docs.haskellstack.org/en/stable/lock_files

packages:
- completed:
    hackage: explainable-predicates-0.1.2.1@sha256:1b8d9c98a0eea7782bf129313dbf174b46733aa13a09f2c010423e9a7a9ee57f,3749
    pantry-tree:
      size: 818
      sha256: 95fbff55e26fb5cf7a27e473e38f285aef31ec6aa399ae3968fbc6dc81a4d77c
  original:
    hackage: explainable-predicates-0.1.2.1
- completed:
    hackage: HMock-0.5.1.0@sha256:64f25f8885ac45ee7b0e61e180ba9c6fb87f49138062bcad3a21d423565b67f8,3793
    pantry-tree:
      size: 1912
      sha256: 2e5ca552638e66c0a725810b84192cdbf2d880624a3dbd4ba867e1bc336dba85
  original:
    hackage: HMock-0.5.1.0
snapshots:
- completed:
    size: 586110
    url: https://raw.githubusercontent.com/commercialhaskell/stackage-snapshots/master/lts/18/21.yaml
    sha256: ce4fb8d44f3c6c6032060a02e0ebb1bd29937c9a70101c1517b92a87d9515160
  original:
    url: https://raw.githubusercontent.com/commercialhaskell/stackage-snapshots/master/lts/18/21.yaml
